
Microsoft Visual Studio Solution File, Format Version 12.00
# Visual Studio Version 17
VisualStudioVersion = 17.10.35122.118
MinimumVisualStudioVersion = 10.0.40219.1
Project("{888888A0-9F3D-457C-B088-3A5042F75D52}") = "City-game-Telegram-bot", "City-game-Telegram-bot\City-game-Telegram-bot.pyproj", "{05057220-6B21-4581-9868-F54F3E3A37AF}"
EndProject
Global
	GlobalSection(SolutionConfigurationPlatforms) = preSolution
		Debug|Any CPU = Debug|Any CPU
		Release|Any CPU = Release|Any CPU
	EndGlobalSection
	GlobalSection(ProjectConfigurationPlatforms) = postSolution
		{05057220-6B21-4581-9868-F54F3E3A37AF}.Debug|Any CPU.ActiveCfg = Debug|Any CPU
		{05057220-6B21-4581-9868-F54F3E3A37AF}.Release|Any CPU.ActiveCfg = Release|Any CPU
	EndGlobalSection
	GlobalSection(SolutionProperties) = preSolution
		HideSolutionNode = FALSE
	EndGlobalSection
	GlobalSection(ExtensibilityGlobals) = postSolution
		SolutionGuid = {6A7D7009-2D0B-4138-B820-22FB6D630BFD}
	EndGlobalSection
EndGlobal
